
Microsoft Visual Studio Solution File, Format Version 12.00
# Visual Studio Version 17
VisualStudioVersion = 17.7.34202.233
MinimumVisualStudioVersion = 10.0.40219.1
Project("{9A19103F-16F7-4668-BE54-9A1E7A4F7556}") = "CountRealNumbers", "CountRealNumbers\CountRealNumbers.csproj", "{D6715CD7-87BE-4E70-91EC-BCA6CEAA1AB0}"
EndProject
Project("{9A19103F-16F7-4668-BE54-9A1E7A4F7556}") = "OddOccurrences", "OddOccurrences\OddOccurrences.csproj", "{A07F7147-0F12-49FA-AF1D-CC5DA2118493}"
EndProject
Project("{9A19103F-16F7-4668-BE54-9A1E7A4F7556}") = "WordSynonyms", "WordSynonyms\WordSynonyms.csproj", "{5435BCE5-6A85-4047-AB86-9395FFD000D7}"
EndProject
Project("{9A19103F-16F7-4668-BE54-9A1E7A4F7556}") = "WordFilter", "WordFilter\WordFilter.csproj", "{368450B0-F3AE-40A9-B475-54098F75397B}"
EndProject
Project("{9A19103F-16F7-4668-BE54-9A1E7A4F7556}") = "CountCharsInAString", "CountCharsInAString\CountCharsInAString.csproj", "{19955785-7622-4FFA-A9DC-D2ED37948BC8}"
EndProject
Project("{9A19103F-16F7-4668-BE54-9A1E7A4F7556}") = "AMinerTask", "AMinerTask\AMinerTask.csproj", "{A37B723A-C5CF-42C7-86FD-800FC953B328}"
EndProject
Project("{9A19103F-16F7-4668-BE54-9A1E7A4F7556}") = "Orders", "Orders\Orders.csproj", "{707BC296-CF2D-4929-98D6-9E939360EAA1}"
EndProject
Project("{9A19103F-16F7-4668-BE54-9A1E7A4F7556}") = "SoftUniParking", "SoftUniParking\SoftUniParking.csproj", "{0F71B3AB-8585-4F09-9184-BE03AFCA14B6}"
EndProject
Project("{9A19103F-16F7-4668-BE54-9A1E7A4F7556}") = "Courses", "Courses\Courses.csproj", "{2829A1BF-4D28-45C2-A355-190D5E03A017}"
EndProject
Project("{9A19103F-16F7-4668-BE54-9A1E7A4F7556}") = "StudentAcademy", "StudentAcademy\StudentAcademy.csproj", "{1D85DAE6-1453-4081-8F69-B142009A08A4}"
EndProject
Project("{9A19103F-16F7-4668-BE54-9A1E7A4F7556}") = "CompanyUsers", "CompanyUsers\CompanyUsers.csproj", "{FCD2396A-9C37-49AD-87B0-31BF43F648FE}"
EndProject
Project("{9A19103F-16F7-4668-BE54-9A1E7A4F7556}") = "Ranking", "Ranking\Ranking.csproj", "{6831FD74-17B4-4A31-BC1A-F00195D8E0E2}"
EndProject
Project("{9A19103F-16F7-4668-BE54-9A1E7A4F7556}") = "Judge", "Judge\Judge.csproj", "{8797F55F-18E4-44C4-9D07-12B974AACF36}"
EndProject
Project("{9A19103F-16F7-4668-BE54-9A1E7A4F7556}") = "MOBAChallenger", "MOBAChallenger\MOBAChallenger.csproj", "{B19C52E5-E017-4C2D-8F1A-9B31690AF7FC}"
EndProject
Project("{9A19103F-16F7-4668-BE54-9A1E7A4F7556}") = "Snowwhite", "Snowwhite\Snowwhite.csproj", "{9C40D3BF-25ED-4DF5-88EF-A9B3C4835AF1}"
EndProject
Project("{9A19103F-16F7-4668-BE54-9A1E7A4F7556}") = "DragonArmy", "DragonArmy\DragonArmy.csproj", "{4D13B348-5275-422B-99D9-E593FF5A856D}"
EndProject
Project("{FAE04EC0-301F-11D3-BF4B-00C04F79EFBC}") = "Min,Max,Sum,Average", "Min,Max,Sum,Average\Min,Max,Sum,Average.csproj", "{A2F2557A-49FF-40F7-9137-1D8B72199240}"
EndProject
Project("{FAE04EC0-301F-11D3-BF4B-00C04F79EFBC}") = "Largest3Numbers", "Largest3Numbers\Largest3Numbers.csproj", "{B0DF243A-70CB-4836-8CFE-D8E4D2E0AA60}"
EndProject
Global
	GlobalSection(SolutionConfigurationPlatforms) = preSolution
		Debug|Any CPU = Debug|Any CPU
		Release|Any CPU = Release|Any CPU
	EndGlobalSection
	GlobalSection(ProjectConfigurationPlatforms) = postSolution
		{D6715CD7-87BE-4E70-91EC-BCA6CEAA1AB0}.Debug|Any CPU.ActiveCfg = Debug|Any CPU
		{D6715CD7-87BE-4E70-91EC-BCA6CEAA1AB0}.Debug|Any CPU.Build.0 = Debug|Any CPU
		{D6715CD7-87BE-4E70-91EC-BCA6CEAA1AB0}.Release|Any CPU.ActiveCfg = Release|Any CPU
		{D6715CD7-87BE-4E70-91EC-BCA6CEAA1AB0}.Release|Any CPU.Build.0 = Release|Any CPU
		{A07F7147-0F12-49FA-AF1D-CC5DA2118493}.Debug|Any CPU.ActiveCfg = Debug|Any CPU
		{A07F7147-0F12-49FA-AF1D-CC5DA2118493}.Debug|Any CPU.Build.0 = Debug|Any CPU
		{A07F7147-0F12-49FA-AF1D-CC5DA2118493}.Release|Any CPU.ActiveCfg = Release|Any CPU
		{A07F7147-0F12-49FA-AF1D-CC5DA2118493}.Release|Any CPU.Build.0 = Release|Any CPU
		{5435BCE5-6A85-4047-AB86-9395FFD000D7}.Debug|Any CPU.ActiveCfg = Debug|Any CPU
		{5435BCE5-6A85-4047-AB86-9395FFD000D7}.Debug|Any CPU.Build.0 = Debug|Any CPU
		{5435BCE5-6A85-4047-AB86-9395FFD000D7}.Release|Any CPU.ActiveCfg = Release|Any CPU
		{5435BCE5-6A85-4047-AB86-9395FFD000D7}.Release|Any CPU.Build.0 = Release|Any CPU
		{368450B0-F3AE-40A9-B475-54098F75397B}.Debug|Any CPU.ActiveCfg = Debug|Any CPU
		{368450B0-F3AE-40A9-B475-54098F75397B}.Debug|Any CPU.Build.0 = Debug|Any CPU
		{368450B0-F3AE-40A9-B475-54098F75397B}.Release|Any CPU.ActiveCfg = Release|Any CPU
		{368450B0-F3AE-40A9-B475-54098F75397B}.Release|Any CPU.Build.0 = Release|Any CPU
		{19955785-7622-4FFA-A9DC-D2ED37948BC8}.Debug|Any CPU.ActiveCfg = Debug|Any CPU
		{19955785-7622-4FFA-A9DC-D2ED37948BC8}.Debug|Any CPU.Build.0 = Debug|Any CPU
		{19955785-7622-4FFA-A9DC-D2ED37948BC8}.Release|Any CPU.ActiveCfg = Release|Any CPU
		{19955785-7622-4FFA-A9DC-D2ED37948BC8}.Release|Any CPU.Build.0 = Release|Any CPU
		{A37B723A-C5CF-42C7-86FD-800FC953B328}.Debug|Any CPU.ActiveCfg = Debug|Any CPU
		{A37B723A-C5CF-42C7-86FD-800FC953B328}.Debug|Any CPU.Build.0 = Debug|Any CPU
		{A37B723A-C5CF-42C7-86FD-800FC953B328}.Release|Any CPU.ActiveCfg = Release|Any CPU
		{A37B723A-C5CF-42C7-86FD-800FC953B328}.Release|Any CPU.Build.0 = Release|Any CPU
		{707BC296-CF2D-4929-98D6-9E939360EAA1}.Debug|Any CPU.ActiveCfg = Debug|Any CPU
		{707BC296-CF2D-4929-98D6-9E939360EAA1}.Debug|Any CPU.Build.0 = Debug|Any CPU
		{707BC296-CF2D-4929-98D6-9E939360EAA1}.Release|Any CPU.ActiveCfg = Release|Any CPU
		{707BC296-CF2D-4929-98D6-9E939360EAA1}.Release|Any CPU.Build.0 = Release|Any CPU
		{0F71B3AB-8585-4F09-9184-BE03AFCA14B6}.Debug|Any CPU.ActiveCfg = Debug|Any CPU
		{0F71B3AB-8585-4F09-9184-BE03AFCA14B6}.Debug|Any CPU.Build.0 = Debug|Any CPU
		{0F71B3AB-8585-4F09-9184-BE03AFCA14B6}.Release|Any CPU.ActiveCfg = Release|Any CPU
		{0F71B3AB-8585-4F09-9184-BE03AFCA14B6}.Release|Any CPU.Build.0 = Release|Any CPU
		{2829A1BF-4D28-45C2-A355-190D5E03A017}.Debug|Any CPU.ActiveCfg = Debug|Any CPU
		{2829A1BF-4D28-45C2-A355-190D5E03A017}.Debug|Any CPU.Build.0 = Debug|Any CPU
		{2829A1BF-4D28-45C2-A355-190D5E03A017}.Release|Any CPU.ActiveCfg = Release|Any CPU
		{2829A1BF-4D28-45C2-A355-190D5E03A017}.Release|Any CPU.Build.0 = Release|Any CPU
		{1D85DAE6-1453-4081-8F69-B142009A08A4}.Debug|Any CPU.ActiveCfg = Debug|Any CPU
		{1D85DAE6-1453-4081-8F69-B142009A08A4}.Debug|Any CPU.Build.0 = Debug|Any CPU
		{1D85DAE6-1453-4081-8F69-B142009A08A4}.Release|Any CPU.ActiveCfg = Release|Any CPU
		{1D85DAE6-1453-4081-8F69-B142009A08A4}.Release|Any CPU.Build.0 = Release|Any CPU
		{FCD2396A-9C37-49AD-87B0-31BF43F648FE}.Debug|Any CPU.ActiveCfg = Debug|Any CPU
		{FCD2396A-9C37-49AD-87B0-31BF43F648FE}.Debug|Any CPU.Build.0 = Debug|Any CPU
		{FCD2396A-9C37-49AD-87B0-31BF43F648FE}.Release|Any CPU.ActiveCfg = Release|Any CPU
		{FCD2396A-9C37-49AD-87B0-31BF43F648FE}.Release|Any CPU.Build.0 = Release|Any CPU
		{6831FD74-17B4-4A31-BC1A-F00195D8E0E2}.Debug|Any CPU.ActiveCfg = Debug|Any CPU
		{6831FD74-17B4-4A31-BC1A-F00195D8E0E2}.Debug|Any CPU.Build.0 = Debug|Any CPU
		{6831FD74-17B4-4A31-BC1A-F00195D8E0E2}.Release|Any CPU.ActiveCfg = Release|Any CPU
		{6831FD74-17B4-4A31-BC1A-F00195D8E0E2}.Release|Any CPU.Build.0 = Release|Any CPU
		{8797F55F-18E4-44C4-9D07-12B974AACF36}.Debug|Any CPU.ActiveCfg = Debug|Any CPU
		{8797F55F-18E4-44C4-9D07-12B974AACF36}.Debug|Any CPU.Build.0 = Debug|Any CPU
		{8797F55F-18E4-44C4-9D07-12B974AACF36}.Release|Any CPU.ActiveCfg = Release|Any CPU
		{8797F55F-18E4-44C4-9D07-12B974AACF36}.Release|Any CPU.Build.0 = Release|Any CPU
		{B19C52E5-E017-4C2D-8F1A-9B31690AF7FC}.Debug|Any CPU.ActiveCfg = Debug|Any CPU
		{B19C52E5-E017-4C2D-8F1A-9B31690AF7FC}.Debug|Any CPU.Build.0 = Debug|Any CPU
		{B19C52E5-E017-4C2D-8F1A-9B31690AF7FC}.Release|Any CPU.ActiveCfg = Release|Any CPU
		{B19C52E5-E017-4C2D-8F1A-9B31690AF7FC}.Release|Any CPU.Build.0 = Release|Any CPU
		{9C40D3BF-25ED-4DF5-88EF-A9B3C4835AF1}.Debug|Any CPU.ActiveCfg = Debug|Any CPU
		{9C40D3BF-25ED-4DF5-88EF-A9B3C4835AF1}.Debug|Any CPU.Build.0 = Debug|Any CPU
		{9C40D3BF-25ED-4DF5-88EF-A9B3C4835AF1}.Release|Any CPU.ActiveCfg = Release|Any CPU
		{9C40D3BF-25ED-4DF5-88EF-A9B3C4835AF1}.Release|Any CPU.Build.0 = Release|Any CPU
		{4D13B348-5275-422B-99D9-E593FF5A856D}.Debug|Any CPU.ActiveCfg = Debug|Any CPU
		{4D13B348-5275-422B-99D9-E593FF5A856D}.Debug|Any CPU.Build.0 = Debug|Any CPU
		{4D13B348-5275-422B-99D9-E593FF5A856D}.Release|Any CPU.ActiveCfg = Release|Any CPU
		{4D13B348-5275-422B-99D9-E593FF5A856D}.Release|Any CPU.Build.0 = Release|Any CPU
		{A2F2557A-49FF-40F7-9137-1D8B72199240}.Debug|Any CPU.ActiveCfg = Debug|Any CPU
		{A2F2557A-49FF-40F7-9137-1D8B72199240}.Debug|Any CPU.Build.0 = Debug|Any CPU
		{A2F2557A-49FF-40F7-9137-1D8B72199240}.Release|Any CPU.ActiveCfg = Release|Any CPU
		{A2F2557A-49FF-40F7-9137-1D8B72199240}.Release|Any CPU.Build.0 = Release|Any CPU
		{B0DF243A-70CB-4836-8CFE-D8E4D2E0AA60}.Debug|Any CPU.ActiveCfg = Debug|Any CPU
		{B0DF243A-70CB-4836-8CFE-D8E4D2E0AA60}.Debug|Any CPU.Build.0 = Debug|Any CPU
		{B0DF243A-70CB-4836-8CFE-D8E4D2E0AA60}.Release|Any CPU.ActiveCfg = Release|Any CPU
		{B0DF243A-70CB-4836-8CFE-D8E4D2E0AA60}.Release|Any CPU.Build.0 = Release|Any CPU
	EndGlobalSection
	GlobalSection(SolutionProperties) = preSolution
		HideSolutionNode = FALSE
	EndGlobalSection
	GlobalSection(ExtensibilityGlobals) = postSolution
		SolutionGuid = {FAE62D48-1432-460F-B367-0391003BF18D}
	EndGlobalSection
EndGlobal
