
Microsoft Visual Studio Solution File, Format Version 12.00
# Visual Studio Version 17
VisualStudioVersion = 17.7.34031.279
MinimumVisualStudioVersion = 10.0.40219.1
Project("{9A19103F-16F7-4668-BE54-9A1E7A4F7556}") = "SumAdjacentEqualNumbers", "SumAdjacentEqualNumbers\SumAdjacentEqualNumbers.csproj", "{DA9A8B09-AFDD-4408-BA5A-122AB5539C49}"
EndProject
Project("{9A19103F-16F7-4668-BE54-9A1E7A4F7556}") = "GaussTrick", "GaussTrick\GaussTrick.csproj", "{6258C601-BDA9-4DE9-9AAB-B6398AF8B035}"
EndProject
Project("{9A19103F-16F7-4668-BE54-9A1E7A4F7556}") = "MergingLists", "MergingLists\MergingLists.csproj", "{2B6EB7BD-375B-45B7-8628-2DB6C7933C70}"
EndProject
Project("{9A19103F-16F7-4668-BE54-9A1E7A4F7556}") = "ListOfProducts", "ListOfProducts\ListOfProducts.csproj", "{AF28AD82-8B59-46E7-B213-DA747FD2920E}"
EndProject
Project("{9A19103F-16F7-4668-BE54-9A1E7A4F7556}") = "RemoveNegativesAndReverse", "RemoveNegativesAndReverse\RemoveNegativesAndReverse.csproj", "{7C8ED146-C0A3-413D-A87F-4280F7DAA079}"
EndProject
Project("{9A19103F-16F7-4668-BE54-9A1E7A4F7556}") = "ListManipulationBasics", "ListManipulationBasics\ListManipulationBasics.csproj", "{9D3DBDBF-8422-47B4-A220-BA509474C432}"
EndProject
Project("{9A19103F-16F7-4668-BE54-9A1E7A4F7556}") = "ListManipulationAdvanced", "ListManipulationAdvanced\ListManipulationAdvanced.csproj", "{AB34BF0D-03CB-4CB8-B09C-70640DC8302B}"
EndProject
Project("{9A19103F-16F7-4668-BE54-9A1E7A4F7556}") = "Train", "Train\Train.csproj", "{6B22ACCA-5194-4669-BE10-18439DE6F503}"
EndProject
Project("{9A19103F-16F7-4668-BE54-9A1E7A4F7556}") = "ChangeList", "ChangeList\ChangeList.csproj", "{ECC2A1FA-532C-41A4-B9C5-6C86F4FC20EC}"
EndProject
Project("{9A19103F-16F7-4668-BE54-9A1E7A4F7556}") = "HouseParty", "HouseParty\HouseParty.csproj", "{586C5D0A-FA68-4EEC-8B6D-48CA1E2AC98D}"
EndProject
Project("{9A19103F-16F7-4668-BE54-9A1E7A4F7556}") = "ListOperations", "ListOperations\ListOperations.csproj", "{8B9AEA6D-AA15-4144-A270-B76922F1A07E}"
EndProject
Project("{9A19103F-16F7-4668-BE54-9A1E7A4F7556}") = "BombNumbers", "BombNumbers\BombNumbers.csproj", "{D70289D2-3B2C-4661-8EDA-31F56BC45695}"
EndProject
Project("{9A19103F-16F7-4668-BE54-9A1E7A4F7556}") = "CardsGame", "CardsGame\CardsGame.csproj", "{480E2FCC-185B-4497-874F-92174CBA88F8}"
EndProject
Project("{9A19103F-16F7-4668-BE54-9A1E7A4F7556}") = "AppendArrays", "AppendArrays\AppendArrays.csproj", "{73C10562-002A-4C15-9EBA-68B63562FA8B}"
EndProject
Project("{9A19103F-16F7-4668-BE54-9A1E7A4F7556}") = "AnonymousThreat", "AnonymousThreat\AnonymousThreat.csproj", "{7BE03818-5FAD-4F67-ACCA-A1A7F5FA677F}"
EndProject
Project("{FAE04EC0-301F-11D3-BF4B-00C04F79EFBC}") = "PokemonDontGo", "PokemonDontGo\PokemonDontGo.csproj", "{374C37FA-7EEA-48F3-9CDE-7668155E5D12}"
EndProject
Project("{FAE04EC0-301F-11D3-BF4B-00C04F79EFBC}") = "SoftUniCoursePlanning", "SoftUniCoursePlanning\SoftUniCoursePlanning.csproj", "{4723EF53-273A-4D70-9188-F6F7A585C978}"
EndProject
Global
	GlobalSection(SolutionConfigurationPlatforms) = preSolution
		Debug|Any CPU = Debug|Any CPU
		Release|Any CPU = Release|Any CPU
	EndGlobalSection
	GlobalSection(ProjectConfigurationPlatforms) = postSolution
		{DA9A8B09-AFDD-4408-BA5A-122AB5539C49}.Debug|Any CPU.ActiveCfg = Debug|Any CPU
		{DA9A8B09-AFDD-4408-BA5A-122AB5539C49}.Debug|Any CPU.Build.0 = Debug|Any CPU
		{DA9A8B09-AFDD-4408-BA5A-122AB5539C49}.Release|Any CPU.ActiveCfg = Release|Any CPU
		{DA9A8B09-AFDD-4408-BA5A-122AB5539C49}.Release|Any CPU.Build.0 = Release|Any CPU
		{6258C601-BDA9-4DE9-9AAB-B6398AF8B035}.Debug|Any CPU.ActiveCfg = Debug|Any CPU
		{6258C601-BDA9-4DE9-9AAB-B6398AF8B035}.Debug|Any CPU.Build.0 = Debug|Any CPU
		{6258C601-BDA9-4DE9-9AAB-B6398AF8B035}.Release|Any CPU.ActiveCfg = Release|Any CPU
		{6258C601-BDA9-4DE9-9AAB-B6398AF8B035}.Release|Any CPU.Build.0 = Release|Any CPU
		{2B6EB7BD-375B-45B7-8628-2DB6C7933C70}.Debug|Any CPU.ActiveCfg = Debug|Any CPU
		{2B6EB7BD-375B-45B7-8628-2DB6C7933C70}.Debug|Any CPU.Build.0 = Debug|Any CPU
		{2B6EB7BD-375B-45B7-8628-2DB6C7933C70}.Release|Any CPU.ActiveCfg = Release|Any CPU
		{2B6EB7BD-375B-45B7-8628-2DB6C7933C70}.Release|Any CPU.Build.0 = Release|Any CPU
		{AF28AD82-8B59-46E7-B213-DA747FD2920E}.Debug|Any CPU.ActiveCfg = Debug|Any CPU
		{AF28AD82-8B59-46E7-B213-DA747FD2920E}.Debug|Any CPU.Build.0 = Debug|Any CPU
		{AF28AD82-8B59-46E7-B213-DA747FD2920E}.Release|Any CPU.ActiveCfg = Release|Any CPU
		{AF28AD82-8B59-46E7-B213-DA747FD2920E}.Release|Any CPU.Build.0 = Release|Any CPU
		{7C8ED146-C0A3-413D-A87F-4280F7DAA079}.Debug|Any CPU.ActiveCfg = Debug|Any CPU
		{7C8ED146-C0A3-413D-A87F-4280F7DAA079}.Debug|Any CPU.Build.0 = Debug|Any CPU
		{7C8ED146-C0A3-413D-A87F-4280F7DAA079}.Release|Any CPU.ActiveCfg = Release|Any CPU
		{7C8ED146-C0A3-413D-A87F-4280F7DAA079}.Release|Any CPU.Build.0 = Release|Any CPU
		{9D3DBDBF-8422-47B4-A220-BA509474C432}.Debug|Any CPU.ActiveCfg = Debug|Any CPU
		{9D3DBDBF-8422-47B4-A220-BA509474C432}.Debug|Any CPU.Build.0 = Debug|Any CPU
		{9D3DBDBF-8422-47B4-A220-BA509474C432}.Release|Any CPU.ActiveCfg = Release|Any CPU
		{9D3DBDBF-8422-47B4-A220-BA509474C432}.Release|Any CPU.Build.0 = Release|Any CPU
		{AB34BF0D-03CB-4CB8-B09C-70640DC8302B}.Debug|Any CPU.ActiveCfg = Debug|Any CPU
		{AB34BF0D-03CB-4CB8-B09C-70640DC8302B}.Debug|Any CPU.Build.0 = Debug|Any CPU
		{AB34BF0D-03CB-4CB8-B09C-70640DC8302B}.Release|Any CPU.ActiveCfg = Release|Any CPU
		{AB34BF0D-03CB-4CB8-B09C-70640DC8302B}.Release|Any CPU.Build.0 = Release|Any CPU
		{6B22ACCA-5194-4669-BE10-18439DE6F503}.Debug|Any CPU.ActiveCfg = Debug|Any CPU
		{6B22ACCA-5194-4669-BE10-18439DE6F503}.Debug|Any CPU.Build.0 = Debug|Any CPU
		{6B22ACCA-5194-4669-BE10-18439DE6F503}.Release|Any CPU.ActiveCfg = Release|Any CPU
		{6B22ACCA-5194-4669-BE10-18439DE6F503}.Release|Any CPU.Build.0 = Release|Any CPU
		{ECC2A1FA-532C-41A4-B9C5-6C86F4FC20EC}.Debug|Any CPU.ActiveCfg = Debug|Any CPU
		{ECC2A1FA-532C-41A4-B9C5-6C86F4FC20EC}.Debug|Any CPU.Build.0 = Debug|Any CPU
		{ECC2A1FA-532C-41A4-B9C5-6C86F4FC20EC}.Release|Any CPU.ActiveCfg = Release|Any CPU
		{ECC2A1FA-532C-41A4-B9C5-6C86F4FC20EC}.Release|Any CPU.Build.0 = Release|Any CPU
		{586C5D0A-FA68-4EEC-8B6D-48CA1E2AC98D}.Debug|Any CPU.ActiveCfg = Debug|Any CPU
		{586C5D0A-FA68-4EEC-8B6D-48CA1E2AC98D}.Debug|Any CPU.Build.0 = Debug|Any CPU
		{586C5D0A-FA68-4EEC-8B6D-48CA1E2AC98D}.Release|Any CPU.ActiveCfg = Release|Any CPU
		{586C5D0A-FA68-4EEC-8B6D-48CA1E2AC98D}.Release|Any CPU.Build.0 = Release|Any CPU
		{8B9AEA6D-AA15-4144-A270-B76922F1A07E}.Debug|Any CPU.ActiveCfg = Debug|Any CPU
		{8B9AEA6D-AA15-4144-A270-B76922F1A07E}.Debug|Any CPU.Build.0 = Debug|Any CPU
		{8B9AEA6D-AA15-4144-A270-B76922F1A07E}.Release|Any CPU.ActiveCfg = Release|Any CPU
		{8B9AEA6D-AA15-4144-A270-B76922F1A07E}.Release|Any CPU.Build.0 = Release|Any CPU
		{D70289D2-3B2C-4661-8EDA-31F56BC45695}.Debug|Any CPU.ActiveCfg = Debug|Any CPU
		{D70289D2-3B2C-4661-8EDA-31F56BC45695}.Debug|Any CPU.Build.0 = Debug|Any CPU
		{D70289D2-3B2C-4661-8EDA-31F56BC45695}.Release|Any CPU.ActiveCfg = Release|Any CPU
		{D70289D2-3B2C-4661-8EDA-31F56BC45695}.Release|Any CPU.Build.0 = Release|Any CPU
		{480E2FCC-185B-4497-874F-92174CBA88F8}.Debug|Any CPU.ActiveCfg = Debug|Any CPU
		{480E2FCC-185B-4497-874F-92174CBA88F8}.Debug|Any CPU.Build.0 = Debug|Any CPU
		{480E2FCC-185B-4497-874F-92174CBA88F8}.Release|Any CPU.ActiveCfg = Release|Any CPU
		{480E2FCC-185B-4497-874F-92174CBA88F8}.Release|Any CPU.Build.0 = Release|Any CPU
		{73C10562-002A-4C15-9EBA-68B63562FA8B}.Debug|Any CPU.ActiveCfg = Debug|Any CPU
		{73C10562-002A-4C15-9EBA-68B63562FA8B}.Debug|Any CPU.Build.0 = Debug|Any CPU
		{73C10562-002A-4C15-9EBA-68B63562FA8B}.Release|Any CPU.ActiveCfg = Release|Any CPU
		{73C10562-002A-4C15-9EBA-68B63562FA8B}.Release|Any CPU.Build.0 = Release|Any CPU
		{7BE03818-5FAD-4F67-ACCA-A1A7F5FA677F}.Debug|Any CPU.ActiveCfg = Debug|Any CPU
		{7BE03818-5FAD-4F67-ACCA-A1A7F5FA677F}.Debug|Any CPU.Build.0 = Debug|Any CPU
		{7BE03818-5FAD-4F67-ACCA-A1A7F5FA677F}.Release|Any CPU.ActiveCfg = Release|Any CPU
		{7BE03818-5FAD-4F67-ACCA-A1A7F5FA677F}.Release|Any CPU.Build.0 = Release|Any CPU
		{374C37FA-7EEA-48F3-9CDE-7668155E5D12}.Debug|Any CPU.ActiveCfg = Debug|Any CPU
		{374C37FA-7EEA-48F3-9CDE-7668155E5D12}.Debug|Any CPU.Build.0 = Debug|Any CPU
		{374C37FA-7EEA-48F3-9CDE-7668155E5D12}.Release|Any CPU.ActiveCfg = Release|Any CPU
		{374C37FA-7EEA-48F3-9CDE-7668155E5D12}.Release|Any CPU.Build.0 = Release|Any CPU
		{4723EF53-273A-4D70-9188-F6F7A585C978}.Debug|Any CPU.ActiveCfg = Debug|Any CPU
		{4723EF53-273A-4D70-9188-F6F7A585C978}.Debug|Any CPU.Build.0 = Debug|Any CPU
		{4723EF53-273A-4D70-9188-F6F7A585C978}.Release|Any CPU.ActiveCfg = Release|Any CPU
		{4723EF53-273A-4D70-9188-F6F7A585C978}.Release|Any CPU.Build.0 = Release|Any CPU
	EndGlobalSection
	GlobalSection(SolutionProperties) = preSolution
		HideSolutionNode = FALSE
	EndGlobalSection
	GlobalSection(ExtensibilityGlobals) = postSolution
		SolutionGuid = {7FFA2BD6-7DE3-4F38-8471-E14DD020C2D8}
	EndGlobalSection
EndGlobal
